// !$*UTF8*$!
{
	archiveVersion = 1;
	classes = {
	};
	objectVersion = 46;
	objects = {

/* Begin PBXBuildFile section */
		E601D5541E7198E400B906CD /* Store.swift in Sources */ = {isa = PBXBuildFile; fileRef = E601D5531E7198E400B906CD /* Store.swift */; };
		E60327DD1E88019300991DE1 /* MenuOrderTableViewCell.swift in Sources */ = {isa = PBXBuildFile; fileRef = E60327DC1E88019300991DE1 /* MenuOrderTableViewCell.swift */; };
		E60327DF1E8807DD00991DE1 /* MenuOrderViewController.swift in Sources */ = {isa = PBXBuildFile; fileRef = E60327DE1E8807DD00991DE1 /* MenuOrderViewController.swift */; };
		E607C2961E93D99600FD4454 /* RegisterViewController.swift in Sources */ = {isa = PBXBuildFile; fileRef = E607C2951E93D99600FD4454 /* RegisterViewController.swift */; };
		E620873E1E960F7600F48C73 /* NVActivityIndicatorView.framework in Frameworks */ = {isa = PBXBuildFile; fileRef = E620873A1E960F7600F48C73 /* NVActivityIndicatorView.framework */; };
		E620873F1E960F7600F48C73 /* SwiftyJSON.framework in Frameworks */ = {isa = PBXBuildFile; fileRef = E620873B1E960F7600F48C73 /* SwiftyJSON.framework */; };
		E62087401E960F7600F48C73 /* TextFieldEffects.framework in Frameworks */ = {isa = PBXBuildFile; fileRef = E620873C1E960F7600F48C73 /* TextFieldEffects.framework */; };
		E62087421E960F8C00F48C73 /* NVActivityIndicatorView.framework in Embed Frameworks */ = {isa = PBXBuildFile; fileRef = E620873A1E960F7600F48C73 /* NVActivityIndicatorView.framework */; settings = {ATTRIBUTES = (CodeSignOnCopy, RemoveHeadersOnCopy, ); }; };
		E62087431E960F8C00F48C73 /* SwiftyJSON.framework in Embed Frameworks */ = {isa = PBXBuildFile; fileRef = E620873B1E960F7600F48C73 /* SwiftyJSON.framework */; settings = {ATTRIBUTES = (CodeSignOnCopy, RemoveHeadersOnCopy, ); }; };
		E62087441E960F8C00F48C73 /* TextFieldEffects.framework in Embed Frameworks */ = {isa = PBXBuildFile; fileRef = E620873C1E960F7600F48C73 /* TextFieldEffects.framework */; settings = {ATTRIBUTES = (CodeSignOnCopy, RemoveHeadersOnCopy, ); }; };
		E62715AE1E97F330008B1D85 /* Alamofire.framework in Frameworks */ = {isa = PBXBuildFile; fileRef = E62087391E960F7600F48C73 /* Alamofire.framework */; };
		E62715AF1E97F341008B1D85 /* Alamofire.framework in Frameworks */ = {isa = PBXBuildFile; fileRef = E62087391E960F7600F48C73 /* Alamofire.framework */; };
		E62715B01E97F341008B1D85 /* Alamofire.framework in Embed Frameworks */ = {isa = PBXBuildFile; fileRef = E62087391E960F7600F48C73 /* Alamofire.framework */; settings = {ATTRIBUTES = (CodeSignOnCopy, RemoveHeadersOnCopy, ); }; };
		E62B87291E972C5E002E7003 /* TabViewController.swift in Sources */ = {isa = PBXBuildFile; fileRef = E62B87281E972C5E002E7003 /* TabViewController.swift */; };
		E650C94E1E8100E9002CF5D7 /* Menu.swift in Sources */ = {isa = PBXBuildFile; fileRef = E650C94D1E8100E9002CF5D7 /* Menu.swift */; };
		E65E01EA1E7FDADD0045562F /* Request.swift in Sources */ = {isa = PBXBuildFile; fileRef = E65E01E91E7FDADD0045562F /* Request.swift */; };
		E678C0251E9635C100036DD5 /* MapKit.framework in Frameworks */ = {isa = PBXBuildFile; fileRef = E6ADE78B1E857D1500389E5D /* MapKit.framework */; };
		E6ADE7801E85531700389E5D /* SummaryViewController.swift in Sources */ = {isa = PBXBuildFile; fileRef = E6ADE77F1E85531700389E5D /* SummaryViewController.swift */; };
		E6ADE7821E8558BB00389E5D /* User.swift in Sources */ = {isa = PBXBuildFile; fileRef = E6ADE7811E8558BB00389E5D /* User.swift */; };
		E6ADE7841E85676400389E5D /* MenuTableViewCell.swift in Sources */ = {isa = PBXBuildFile; fileRef = E6ADE7831E85676400389E5D /* MenuTableViewCell.swift */; };
		E6B2FABB1E9504D3007CC9A8 /* Bangnampueng.ttf in Resources */ = {isa = PBXBuildFile; fileRef = E60D4BDE1E8D0B4F000B4455 /* Bangnampueng.ttf */; };
		E6B5E4701E76619A0048F75B /* HookAPI.swift in Sources */ = {isa = PBXBuildFile; fileRef = E6B5E46F1E76619A0048F75B /* HookAPI.swift */; };
		E6B9D7D31E968203000CCC25 /* StoreCollectionViewCell.swift in Sources */ = {isa = PBXBuildFile; fileRef = E6B9D7D21E968203000CCC25 /* StoreCollectionViewCell.swift */; };
		E6F0C0DE1E417ECE00C3B990 /* AppDelegate.swift in Sources */ = {isa = PBXBuildFile; fileRef = E6F0C0DD1E417ECE00C3B990 /* AppDelegate.swift */; };
		E6F0C0E31E417ECE00C3B990 /* Main.storyboard in Resources */ = {isa = PBXBuildFile; fileRef = E6F0C0E11E417ECE00C3B990 /* Main.storyboard */; };
		E6F0C0E51E417ECE00C3B990 /* Assets.xcassets in Resources */ = {isa = PBXBuildFile; fileRef = E6F0C0E41E417ECE00C3B990 /* Assets.xcassets */; };
		E6F0C0E81E417ECE00C3B990 /* LaunchScreen.storyboard in Resources */ = {isa = PBXBuildFile; fileRef = E6F0C0E61E417ECE00C3B990 /* LaunchScreen.storyboard */; };
		E6F0C0F81E4183BC00C3B990 /* LoginViewController.swift in Sources */ = {isa = PBXBuildFile; fileRef = E6F0C0F71E4183BC00C3B990 /* LoginViewController.swift */; };
		E6F0C0FE1E4183E600C3B990 /* WaitViewController.swift in Sources */ = {isa = PBXBuildFile; fileRef = E6F0C0FD1E4183E600C3B990 /* WaitViewController.swift */; };
		E6F0C1001E41847800C3B990 /* MainViewController.swift in Sources */ = {isa = PBXBuildFile; fileRef = E6F0C0FF1E41847800C3B990 /* MainViewController.swift */; };
		E6F234B61E8CD19D00396261 /* StoreTableViewCell.swift in Sources */ = {isa = PBXBuildFile; fileRef = E6F234B51E8CD19D00396261 /* StoreTableViewCell.swift */; };
		E6F234B81E8CD35500396261 /* SearchStoreViewController.swift in Sources */ = {isa = PBXBuildFile; fileRef = E6F234B71E8CD35500396261 /* SearchStoreViewController.swift */; };
		E6FDA9CF1E596F95001EB252 /* HomeViewController.swift in Sources */ = {isa = PBXBuildFile; fileRef = E6FDA9CE1E596F95001EB252 /* HomeViewController.swift */; };
		E6FDE6DB1E822B4C00B55059 /* Order.swift in Sources */ = {isa = PBXBuildFile; fileRef = E6FDE6DA1E822B4C00B55059 /* Order.swift */; };
/* End PBXBuildFile section */

/* Begin PBXContainerItemProxy section */
		E603D9431E8EAEC300E18E65 /* PBXContainerItemProxy */ = {
			isa = PBXContainerItemProxy;
			containerPortal = E6F0C0D21E417ECE00C3B990 /* Project object */;
			proxyType = 1;
			remoteGlobalIDString = E602B1A41E7E93B100F084BC;
			remoteInfo = HookTests;
		};
		E64A78D51E936076006AC6FB /* PBXContainerItemProxy */ = {
			isa = PBXContainerItemProxy;
			containerPortal = E6F0C0D21E417ECE00C3B990 /* Project object */;
			proxyType = 1;
			remoteGlobalIDString = E6F0C0D91E417ECE00C3B990;
			remoteInfo = Hook;
		};
/* End PBXContainerItemProxy section */

/* Begin PBXCopyFilesBuildPhase section */
		E66616281E7E6A7B00267D98 /* Embed Frameworks */ = {
			isa = PBXCopyFilesBuildPhase;
			buildActionMask = 12;
			dstPath = "";
			dstSubfolderSpec = 10;
			files = (
				E62087421E960F8C00F48C73 /* NVActivityIndicatorView.framework in Embed Frameworks */,
				E62087431E960F8C00F48C73 /* SwiftyJSON.framework in Embed Frameworks */,
				E62087441E960F8C00F48C73 /* TextFieldEffects.framework in Embed Frameworks */,
				E62715B01E97F341008B1D85 /* Alamofire.framework in Embed Frameworks */,
			);
			name = "Embed Frameworks";
			runOnlyForDeploymentPostprocessing = 0;
		};
/* End PBXCopyFilesBuildPhase section */

/* Begin PBXFileReference section */
		E601D5531E7198E400B906CD /* Store.swift */ = {isa = PBXFileReference; fileEncoding = 4; lastKnownFileType = sourcecode.swift; path = Store.swift; sourceTree = "<group>"; };
		E602B1A51E7E93B100F084BC /* HookTests.xctest */ = {isa = PBXFileReference; explicitFileType = wrapper.cfbundle; includeInIndex = 0; path = HookTests.xctest; sourceTree = BUILT_PRODUCTS_DIR; };
		E60327DC1E88019300991DE1 /* MenuOrderTableViewCell.swift */ = {isa = PBXFileReference; fileEncoding = 4; lastKnownFileType = sourcecode.swift; path = MenuOrderTableViewCell.swift; sourceTree = "<group>"; };
		E60327DE1E8807DD00991DE1 /* MenuOrderViewController.swift */ = {isa = PBXFileReference; fileEncoding = 4; lastKnownFileType = sourcecode.swift; path = MenuOrderViewController.swift; sourceTree = "<group>"; };
		E607C2951E93D99600FD4454 /* RegisterViewController.swift */ = {isa = PBXFileReference; fileEncoding = 4; lastKnownFileType = sourcecode.swift; path = RegisterViewController.swift; sourceTree = "<group>"; };
		E60D4BDE1E8D0B4F000B4455 /* Bangnampueng.ttf */ = {isa = PBXFileReference; lastKnownFileType = file; path = Bangnampueng.ttf; sourceTree = "<group>"; };
		E62087391E960F7600F48C73 /* Alamofire.framework */ = {isa = PBXFileReference; lastKnownFileType = wrapper.framework; name = Alamofire.framework; path = Carthage/Build/iOS/Alamofire.framework; sourceTree = "<group>"; };
		E620873A1E960F7600F48C73 /* NVActivityIndicatorView.framework */ = {isa = PBXFileReference; lastKnownFileType = wrapper.framework; name = NVActivityIndicatorView.framework; path = Carthage/Build/iOS/NVActivityIndicatorView.framework; sourceTree = "<group>"; };
		E620873B1E960F7600F48C73 /* SwiftyJSON.framework */ = {isa = PBXFileReference; lastKnownFileType = wrapper.framework; name = SwiftyJSON.framework; path = Carthage/Build/iOS/SwiftyJSON.framework; sourceTree = "<group>"; };
		E620873C1E960F7600F48C73 /* TextFieldEffects.framework */ = {isa = PBXFileReference; lastKnownFileType = wrapper.framework; name = TextFieldEffects.framework; path = Carthage/Build/iOS/TextFieldEffects.framework; sourceTree = "<group>"; };
		E62B87281E972C5E002E7003 /* TabViewController.swift */ = {isa = PBXFileReference; fileEncoding = 4; lastKnownFileType = sourcecode.swift; path = TabViewController.swift; sourceTree = "<group>"; };
		E650C94D1E8100E9002CF5D7 /* Menu.swift */ = {isa = PBXFileReference; fileEncoding = 4; lastKnownFileType = sourcecode.swift; path = Menu.swift; sourceTree = "<group>"; };
		E65E01E91E7FDADD0045562F /* Request.swift */ = {isa = PBXFileReference; fileEncoding = 4; lastKnownFileType = sourcecode.swift; path = Request.swift; sourceTree = "<group>"; };
		E6ADE77F1E85531700389E5D /* SummaryViewController.swift */ = {isa = PBXFileReference; fileEncoding = 4; lastKnownFileType = sourcecode.swift; path = SummaryViewController.swift; sourceTree = "<group>"; };
		E6ADE7811E8558BB00389E5D /* User.swift */ = {isa = PBXFileReference; fileEncoding = 4; lastKnownFileType = sourcecode.swift; path = User.swift; sourceTree = "<group>"; };
		E6ADE7831E85676400389E5D /* MenuTableViewCell.swift */ = {isa = PBXFileReference; fileEncoding = 4; lastKnownFileType = sourcecode.swift; path = MenuTableViewCell.swift; sourceTree = "<group>"; };
		E6ADE78B1E857D1500389E5D /* MapKit.framework */ = {isa = PBXFileReference; lastKnownFileType = wrapper.framework; name = MapKit.framework; path = System/Library/Frameworks/MapKit.framework; sourceTree = SDKROOT; };
		E6B5E46F1E76619A0048F75B /* HookAPI.swift */ = {isa = PBXFileReference; fileEncoding = 4; lastKnownFileType = sourcecode.swift; path = HookAPI.swift; sourceTree = "<group>"; };
		E6B9D7D21E968203000CCC25 /* StoreCollectionViewCell.swift */ = {isa = PBXFileReference; fileEncoding = 4; lastKnownFileType = sourcecode.swift; path = StoreCollectionViewCell.swift; sourceTree = "<group>"; };
		E6F0C0DA1E417ECE00C3B990 /* Hook.app */ = {isa = PBXFileReference; explicitFileType = wrapper.application; includeInIndex = 0; path = Hook.app; sourceTree = BUILT_PRODUCTS_DIR; };
		E6F0C0DD1E417ECE00C3B990 /* AppDelegate.swift */ = {isa = PBXFileReference; lastKnownFileType = sourcecode.swift; path = AppDelegate.swift; sourceTree = "<group>"; };
		E6F0C0E21E417ECE00C3B990 /* Base */ = {isa = PBXFileReference; lastKnownFileType = file.storyboard; name = Base; path = Base.lproj/Main.storyboard; sourceTree = "<group>"; };
		E6F0C0E41E417ECE00C3B990 /* Assets.xcassets */ = {isa = PBXFileReference; lastKnownFileType = folder.assetcatalog; path = Assets.xcassets; sourceTree = "<group>"; };
		E6F0C0E71E417ECE00C3B990 /* Base */ = {isa = PBXFileReference; lastKnownFileType = file.storyboard; name = Base; path = Base.lproj/LaunchScreen.storyboard; sourceTree = "<group>"; };
		E6F0C0E91E417ECE00C3B990 /* Info.plist */ = {isa = PBXFileReference; lastKnownFileType = text.plist.xml; path = Info.plist; sourceTree = "<group>"; };
		E6F0C0F71E4183BC00C3B990 /* LoginViewController.swift */ = {isa = PBXFileReference; fileEncoding = 4; lastKnownFileType = sourcecode.swift; path = LoginViewController.swift; sourceTree = "<group>"; };
		E6F0C0FD1E4183E600C3B990 /* WaitViewController.swift */ = {isa = PBXFileReference; fileEncoding = 4; lastKnownFileType = sourcecode.swift; path = WaitViewController.swift; sourceTree = "<group>"; };
		E6F0C0FF1E41847800C3B990 /* MainViewController.swift */ = {isa = PBXFileReference; fileEncoding = 4; lastKnownFileType = sourcecode.swift; path = MainViewController.swift; sourceTree = "<group>"; };
		E6F234B51E8CD19D00396261 /* StoreTableViewCell.swift */ = {isa = PBXFileReference; fileEncoding = 4; lastKnownFileType = sourcecode.swift; path = StoreTableViewCell.swift; sourceTree = "<group>"; };
		E6F234B71E8CD35500396261 /* SearchStoreViewController.swift */ = {isa = PBXFileReference; fileEncoding = 4; lastKnownFileType = sourcecode.swift; path = SearchStoreViewController.swift; sourceTree = "<group>"; };
		E6FDA9CE1E596F95001EB252 /* HomeViewController.swift */ = {isa = PBXFileReference; fileEncoding = 4; lastKnownFileType = sourcecode.swift; path = HomeViewController.swift; sourceTree = "<group>"; };
		E6FDE6DA1E822B4C00B55059 /* Order.swift */ = {isa = PBXFileReference; fileEncoding = 4; lastKnownFileType = sourcecode.swift; path = Order.swift; sourceTree = "<group>"; };
/* End PBXFileReference section */

/* Begin PBXFrameworksBuildPhase section */
		E602B1A21E7E93B100F084BC /* Frameworks */ = {
			isa = PBXFrameworksBuildPhase;
			buildActionMask = 2147483647;
			files = (
			);
			runOnlyForDeploymentPostprocessing = 0;
		};
		E6F0C0D71E417ECE00C3B990 /* Frameworks */ = {
			isa = PBXFrameworksBuildPhase;
			buildActionMask = 2147483647;
			files = (
				E62715AE1E97F330008B1D85 /* Alamofire.framework in Frameworks */,
				E62715AF1E97F341008B1D85 /* Alamofire.framework in Frameworks */,
				E678C0251E9635C100036DD5 /* MapKit.framework in Frameworks */,
				E620873E1E960F7600F48C73 /* NVActivityIndicatorView.framework in Frameworks */,
				E620873F1E960F7600F48C73 /* SwiftyJSON.framework in Frameworks */,
				E62087401E960F7600F48C73 /* TextFieldEffects.framework in Frameworks */,
			);
			runOnlyForDeploymentPostprocessing = 0;
		};
/* End PBXFrameworksBuildPhase section */

/* Begin PBXGroup section */
		E6262FF41E8361F80022EB25 /* Model */ = {
			isa = PBXGroup;
			children = (
				E601D5531E7198E400B906CD /* Store.swift */,
				E6B5E46F1E76619A0048F75B /* HookAPI.swift */,
				E65E01E91E7FDADD0045562F /* Request.swift */,
				E650C94D1E8100E9002CF5D7 /* Menu.swift */,
				E6FDE6DA1E822B4C00B55059 /* Order.swift */,
				E6ADE7811E8558BB00389E5D /* User.swift */,
			);
			name = Model;
			sourceTree = "<group>";
		};
		E6262FF51E8362020022EB25 /* Controller */ = {
			isa = PBXGroup;
			children = (
				E62B87281E972C5E002E7003 /* TabViewController.swift */,
				E6F0C0F71E4183BC00C3B990 /* LoginViewController.swift */,
				E607C2951E93D99600FD4454 /* RegisterViewController.swift */,
				E6FDA9CE1E596F95001EB252 /* HomeViewController.swift */,
				E6B9D7D21E968203000CCC25 /* StoreCollectionViewCell.swift */,
				E6F234B51E8CD19D00396261 /* StoreTableViewCell.swift */,
				E6F234B71E8CD35500396261 /* SearchStoreViewController.swift */,
				E60327DE1E8807DD00991DE1 /* MenuOrderViewController.swift */,
				E60327DC1E88019300991DE1 /* MenuOrderTableViewCell.swift */,
				E6ADE77F1E85531700389E5D /* SummaryViewController.swift */,
				E6ADE7831E85676400389E5D /* MenuTableViewCell.swift */,
				E6F0C0FD1E4183E600C3B990 /* WaitViewController.swift */,
			);
			name = Controller;
			sourceTree = "<group>";
		};
		E66616291E7E6A8800267D98 /* Frameworks */ = {
			isa = PBXGroup;
			children = (
				E62087391E960F7600F48C73 /* Alamofire.framework */,
				E620873A1E960F7600F48C73 /* NVActivityIndicatorView.framework */,
				E620873B1E960F7600F48C73 /* SwiftyJSON.framework */,
				E620873C1E960F7600F48C73 /* TextFieldEffects.framework */,
				E6ADE78B1E857D1500389E5D /* MapKit.framework */,
			);
			name = Frameworks;
			sourceTree = "<group>";
		};
		E6B2FABA1E9504B2007CC9A8 /* Src */ = {
			isa = PBXGroup;
			children = (
				E60D4BDE1E8D0B4F000B4455 /* Bangnampueng.ttf */,
			);
			name = Src;
			sourceTree = "<group>";
		};
		E6F0C0D11E417ECE00C3B990 = {
			isa = PBXGroup;
			children = (
				E6F0C0DC1E417ECE00C3B990 /* Hook */,
				E6F0C0DB1E417ECE00C3B990 /* Products */,
				E66616291E7E6A8800267D98 /* Frameworks */,
			);
			sourceTree = "<group>";
		};
		E6F0C0DB1E417ECE00C3B990 /* Products */ = {
			isa = PBXGroup;
			children = (
				E6F0C0DA1E417ECE00C3B990 /* Hook.app */,
				E602B1A51E7E93B100F084BC /* HookTests.xctest */,
			);
			name = Products;
			sourceTree = "<group>";
		};
		E6F0C0DC1E417ECE00C3B990 /* Hook */ = {
			isa = PBXGroup;
			children = (
				E6B2FABA1E9504B2007CC9A8 /* Src */,
				E6262FF51E8362020022EB25 /* Controller */,
				E6262FF41E8361F80022EB25 /* Model */,
				E6F0C0DD1E417ECE00C3B990 /* AppDelegate.swift */,
				E6F0C0FF1E41847800C3B990 /* MainViewController.swift */,
				E6F0C0E11E417ECE00C3B990 /* Main.storyboard */,
				E6F0C0E61E417ECE00C3B990 /* LaunchScreen.storyboard */,
				E6F0C0E41E417ECE00C3B990 /* Assets.xcassets */,
				E6F0C0E91E417ECE00C3B990 /* Info.plist */,
			);
			path = Hook;
			sourceTree = "<group>";
		};
/* End PBXGroup section */

/* Begin PBXNativeTarget section */
		E602B1A41E7E93B100F084BC /* HookTests */ = {
			isa = PBXNativeTarget;
			buildConfigurationList = E602B1AE1E7E93B100F084BC /* Build configuration list for PBXNativeTarget "HookTests" */;
			buildPhases = (
				E602B1A21E7E93B100F084BC /* Frameworks */,
				E602B1A11E7E93B100F084BC /* Sources */,
				E602B1A31E7E93B100F084BC /* Resources */,
			);
			buildRules = (
			);
			dependencies = (
				E64A78D61E936076006AC6FB /* PBXTargetDependency */,
			);
			name = HookTests;
			productName = HookTests;
			productReference = E602B1A51E7E93B100F084BC /* HookTests.xctest */;
			productType = "com.apple.product-type.bundle.unit-test";
		};
		E6F0C0D91E417ECE00C3B990 /* Hook */ = {
			isa = PBXNativeTarget;
			buildConfigurationList = E6F0C0EC1E417ECE00C3B990 /* Build configuration list for PBXNativeTarget "Hook" */;
			buildPhases = (
				E6F0C0D61E417ECE00C3B990 /* Sources */,
				E6F0C0D71E417ECE00C3B990 /* Frameworks */,
				E6F0C0D81E417ECE00C3B990 /* Resources */,
				E66616281E7E6A7B00267D98 /* Embed Frameworks */,
			);
			buildRules = (
			);
			dependencies = (
				E603D9441E8EAEC300E18E65 /* PBXTargetDependency */,
			);
			name = Hook;
			productName = Hook;
			productReference = E6F0C0DA1E417ECE00C3B990 /* Hook.app */;
			productType = "com.apple.product-type.application";
		};
/* End PBXNativeTarget section */

/* Begin PBXProject section */
		E6F0C0D21E417ECE00C3B990 /* Project object */ = {
			isa = PBXProject;
			attributes = {
				LastSwiftUpdateCheck = 0820;
				LastUpgradeCheck = 0820;
				ORGANIZATIONNAME = "Pansit Wattana";
				TargetAttributes = {
					E602B1A41E7E93B100F084BC = {
						CreatedOnToolsVersion = 8.2;
						DevelopmentTeam = 9JU5BHUYWU;
						LastSwiftMigration = 0820;
						ProvisioningStyle = Automatic;
					};
					E6F0C0D91E417ECE00C3B990 = {
						CreatedOnToolsVersion = 8.2;
						DevelopmentTeam = 9JU5BHUYWU;
						ProvisioningStyle = Automatic;
						SystemCapabilities = {
							com.apple.Maps.iOS = {
								enabled = 0;
							};
						};
					};
				};
			};
			buildConfigurationList = E6F0C0D51E417ECE00C3B990 /* Build configuration list for PBXProject "Hook" */;
			compatibilityVersion = "Xcode 3.2";
			developmentRegion = English;
			hasScannedForEncodings = 0;
			knownRegions = (
				en,
				Base,
			);
			mainGroup = E6F0C0D11E417ECE00C3B990;
			productRefGroup = E6F0C0DB1E417ECE00C3B990 /* Products */;
			projectDirPath = "";
			projectRoot = "";
			targets = (
				E6F0C0D91E417ECE00C3B990 /* Hook */,
				E602B1A41E7E93B100F084BC /* HookTests */,
			);
		};
/* End PBXProject section */

/* Begin PBXResourcesBuildPhase section */
		E602B1A31E7E93B100F084BC /* Resources */ = {
			isa = PBXResourcesBuildPhase;
			buildActionMask = 2147483647;
			files = (
			);
			runOnlyForDeploymentPostprocessing = 0;
		};
		E6F0C0D81E417ECE00C3B990 /* Resources */ = {
			isa = PBXResourcesBuildPhase;
			buildActionMask = 2147483647;
			files = (
				E6B2FABB1E9504D3007CC9A8 /* Bangnampueng.ttf in Resources */,
				E6F0C0E81E417ECE00C3B990 /* LaunchScreen.storyboard in Resources */,
				E6F0C0E51E417ECE00C3B990 /* Assets.xcassets in Resources */,
				E6F0C0E31E417ECE00C3B990 /* Main.storyboard in Resources */,
			);
			runOnlyForDeploymentPostprocessing = 0;
		};
/* End PBXResourcesBuildPhase section */

/* Begin PBXSourcesBuildPhase section */
		E602B1A11E7E93B100F084BC /* Sources */ = {
			isa = PBXSourcesBuildPhase;
			buildActionMask = 2147483647;
			files = (
			);
			runOnlyForDeploymentPostprocessing = 0;
		};
		E6F0C0D61E417ECE00C3B990 /* Sources */ = {
			isa = PBXSourcesBuildPhase;
			buildActionMask = 2147483647;
			files = (
				E60327DF1E8807DD00991DE1 /* MenuOrderViewController.swift in Sources */,
				E6F0C0F81E4183BC00C3B990 /* LoginViewController.swift in Sources */,
				E6F0C0DE1E417ECE00C3B990 /* AppDelegate.swift in Sources */,
				E6B9D7D31E968203000CCC25 /* StoreCollectionViewCell.swift in Sources */,
				E60327DD1E88019300991DE1 /* MenuOrderTableViewCell.swift in Sources */,
				E6F234B81E8CD35500396261 /* SearchStoreViewController.swift in Sources */,
				E601D5541E7198E400B906CD /* Store.swift in Sources */,
				E6ADE7821E8558BB00389E5D /* User.swift in Sources */,
				E62B87291E972C5E002E7003 /* TabViewController.swift in Sources */,
				E6ADE7841E85676400389E5D /* MenuTableViewCell.swift in Sources */,
				E65E01EA1E7FDADD0045562F /* Request.swift in Sources */,
				E607C2961E93D99600FD4454 /* RegisterViewController.swift in Sources */,
				E6FDE6DB1E822B4C00B55059 /* Order.swift in Sources */,
				E6F0C1001E41847800C3B990 /* MainViewController.swift in Sources */,
				E650C94E1E8100E9002CF5D7 /* Menu.swift in Sources */,
				E6F0C0FE1E4183E600C3B990 /* WaitViewController.swift in Sources */,
				E6FDA9CF1E596F95001EB252 /* HomeViewController.swift in Sources */,
				E6B5E4701E76619A0048F75B /* HookAPI.swift in Sources */,
				E6ADE7801E85531700389E5D /* SummaryViewController.swift in Sources */,
				E6F234B61E8CD19D00396261 /* StoreTableViewCell.swift in Sources */,
			);
			runOnlyForDeploymentPostprocessing = 0;
		};
/* End PBXSourcesBuildPhase section */

/* Begin PBXTargetDependency section */
		E603D9441E8EAEC300E18E65 /* PBXTargetDependency */ = {
			isa = PBXTargetDependency;
			target = E602B1A41E7E93B100F084BC /* HookTests */;
			targetProxy = E603D9431E8EAEC300E18E65 /* PBXContainerItemProxy */;
		};
		E64A78D61E936076006AC6FB /* PBXTargetDependency */ = {
			isa = PBXTargetDependency;
			target = E6F0C0D91E417ECE00C3B990 /* Hook */;
			targetProxy = E64A78D51E936076006AC6FB /* PBXContainerItemProxy */;
		};
/* End PBXTargetDependency section */

/* Begin PBXVariantGroup section */
		E6F0C0E11E417ECE00C3B990 /* Main.storyboard */ = {
			isa = PBXVariantGroup;
			children = (
				E6F0C0E21E417ECE00C3B990 /* Base */,
			);
			name = Main.storyboard;
			sourceTree = "<group>";
		};
		E6F0C0E61E417ECE00C3B990 /* LaunchScreen.storyboard */ = {
			isa = PBXVariantGroup;
			children = (
				E6F0C0E71E417ECE00C3B990 /* Base */,
			);
			name = LaunchScreen.storyboard;
			sourceTree = "<group>";
		};
/* End PBXVariantGroup section */

/* Begin XCBuildConfiguration section */
		E602B1AC1E7E93B100F084BC /* Debug */ = {
			isa = XCBuildConfiguration;
			buildSettings = {
				ALWAYS_EMBED_SWIFT_STANDARD_LIBRARIES = YES;
				CLANG_ENABLE_MODULES = YES;
				DEVELOPMENT_TEAM = 9JU5BHUYWU;
				FRAMEWORK_SEARCH_PATHS = "$(PROJECT_DIR)/Carthage/Build/iOS";
				INFOPLIST_FILE = HookTests/Info.plist;
				LD_RUNPATH_SEARCH_PATHS = "";
				PRODUCT_BUNDLE_IDENTIFIER = Jjinwinw.HookTests;
				PRODUCT_NAME = "$(TARGET_NAME)";
				SWIFT_OBJC_BRIDGING_HEADER = "HookTests/HookTests-Bridging-Header.h";
				SWIFT_OPTIMIZATION_LEVEL = "-Onone";
				SWIFT_VERSION = 3.0;
			};
			name = Debug;
		};
		E602B1AD1E7E93B100F084BC /* Release */ = {
			isa = XCBuildConfiguration;
			buildSettings = {
				ALWAYS_EMBED_SWIFT_STANDARD_LIBRARIES = YES;
				CLANG_ENABLE_MODULES = YES;
				DEVELOPMENT_TEAM = 9JU5BHUYWU;
				FRAMEWORK_SEARCH_PATHS = "$(PROJECT_DIR)/Carthage/Build/iOS";
				INFOPLIST_FILE = HookTests/Info.plist;
				LD_RUNPATH_SEARCH_PATHS = "";
				PRODUCT_BUNDLE_IDENTIFIER = Jjinwinw.HookTests;
				PRODUCT_NAME = "$(TARGET_NAME)";
				SWIFT_OBJC_BRIDGING_HEADER = "HookTests/HookTests-Bridging-Header.h";
				SWIFT_VERSION = 3.0;
			};
			name = Release;
		};
		E6F0C0EA1E417ECE00C3B990 /* Debug */ = {
			isa = XCBuildConfiguration;
			buildSettings = {
				ALWAYS_SEARCH_USER_PATHS = NO;
				CLANG_ANALYZER_NONNULL = YES;
				CLANG_CXX_LANGUAGE_STANDARD = "gnu++0x";
				CLANG_CXX_LIBRARY = "libc++";
				CLANG_ENABLE_MODULES = YES;
				CLANG_ENABLE_OBJC_ARC = YES;
				CLANG_WARN_BOOL_CONVERSION = YES;
				CLANG_WARN_CONSTANT_CONVERSION = YES;
				CLANG_WARN_DIRECT_OBJC_ISA_USAGE = YES_ERROR;
				CLANG_WARN_DOCUMENTATION_COMMENTS = YES;
				CLANG_WARN_EMPTY_BODY = YES;
				CLANG_WARN_ENUM_CONVERSION = YES;
				CLANG_WARN_INFINITE_RECURSION = YES;
				CLANG_WARN_INT_CONVERSION = YES;
				CLANG_WARN_OBJC_ROOT_CLASS = YES_ERROR;
				CLANG_WARN_SUSPICIOUS_MOVE = YES;
				CLANG_WARN_UNREACHABLE_CODE = YES;
				CLANG_WARN__DUPLICATE_METHOD_MATCH = YES;
				"CODE_SIGN_IDENTITY[sdk=iphoneos*]" = "iPhone Developer";
				COPY_PHASE_STRIP = NO;
				DEBUG_INFORMATION_FORMAT = dwarf;
				ENABLE_STRICT_OBJC_MSGSEND = YES;
				ENABLE_TESTABILITY = YES;
				GCC_C_LANGUAGE_STANDARD = gnu99;
				GCC_DYNAMIC_NO_PIC = NO;
				GCC_GENERATE_TEST_COVERAGE_FILES = YES;
				GCC_NO_COMMON_BLOCKS = YES;
				GCC_OPTIMIZATION_LEVEL = 0;
				GCC_PREPROCESSOR_DEFINITIONS = (
					"DEBUG=1",
					"$(inherited)",
				);
				GCC_WARN_64_TO_32_BIT_CONVERSION = YES;
				GCC_WARN_ABOUT_RETURN_TYPE = YES_ERROR;
				GCC_WARN_UNDECLARED_SELECTOR = YES;
				GCC_WARN_UNINITIALIZED_AUTOS = YES_AGGRESSIVE;
				GCC_WARN_UNUSED_FUNCTION = YES;
				GCC_WARN_UNUSED_VARIABLE = YES;
				IPHONEOS_DEPLOYMENT_TARGET = 10.2;
				MTL_ENABLE_DEBUG_INFO = YES;
				ONLY_ACTIVE_ARCH = YES;
				SDKROOT = iphoneos;
				SWIFT_ACTIVE_COMPILATION_CONDITIONS = DEBUG;
				SWIFT_OPTIMIZATION_LEVEL = "-Onone";
			};
			name = Debug;
		};
		E6F0C0EB1E417ECE00C3B990 /* Release */ = {
			isa = XCBuildConfiguration;
			buildSettings = {
				ALWAYS_SEARCH_USER_PATHS = NO;
				CLANG_ANALYZER_NONNULL = YES;
				CLANG_CXX_LANGUAGE_STANDARD = "gnu++0x";
				CLANG_CXX_LIBRARY = "libc++";
				CLANG_ENABLE_MODULES = YES;
				CLANG_ENABLE_OBJC_ARC = YES;
				CLANG_WARN_BOOL_CONVERSION = YES;
				CLANG_WARN_CONSTANT_CONVERSION = YES;
				CLANG_WARN_DIRECT_OBJC_ISA_USAGE = YES_ERROR;
				CLANG_WARN_DOCUMENTATION_COMMENTS = YES;
				CLANG_WARN_EMPTY_BODY = YES;
				CLANG_WARN_ENUM_CONVERSION = YES;
				CLANG_WARN_INFINITE_RECURSION = YES;
				CLANG_WARN_INT_CONVERSION = YES;
				CLANG_WARN_OBJC_ROOT_CLASS = YES_ERROR;
				CLANG_WARN_SUSPICIOUS_MOVE = YES;
				CLANG_WARN_UNREACHABLE_CODE = YES;
				CLANG_WARN__DUPLICATE_METHOD_MATCH = YES;
				"CODE_SIGN_IDENTITY[sdk=iphoneos*]" = "iPhone Developer";
				COPY_PHASE_STRIP = NO;
				DEBUG_INFORMATION_FORMAT = "dwarf-with-dsym";
				ENABLE_NS_ASSERTIONS = NO;
				ENABLE_STRICT_OBJC_MSGSEND = YES;
				GCC_C_LANGUAGE_STANDARD = gnu99;
				GCC_GENERATE_TEST_COVERAGE_FILES = YES;
				GCC_NO_COMMON_BLOCKS = YES;
				GCC_WARN_64_TO_32_BIT_CONVERSION = YES;
				GCC_WARN_ABOUT_RETURN_TYPE = YES_ERROR;
				GCC_WARN_UNDECLARED_SELECTOR = YES;
				GCC_WARN_UNINITIALIZED_AUTOS = YES_AGGRESSIVE;
				GCC_WARN_UNUSED_FUNCTION = YES;
				GCC_WARN_UNUSED_VARIABLE = YES;
				IPHONEOS_DEPLOYMENT_TARGET = 10.2;
				MTL_ENABLE_DEBUG_INFO = NO;
				SDKROOT = iphoneos;
				SWIFT_OPTIMIZATION_LEVEL = "-Owholemodule";
				VALIDATE_PRODUCT = YES;
			};
			name = Release;
		};
		E6F0C0ED1E417ECE00C3B990 /* Debug */ = {
			isa = XCBuildConfiguration;
			buildSettings = {
				ASSETCATALOG_COMPILER_APPICON_NAME = AppIcon;
				CODE_SIGN_IDENTITY = "iPhone Developer: aon_natjaya@hotmail.com (J9E4P2HSF2)";
				"CODE_SIGN_IDENTITY[sdk=iphoneos*]" = "iPhone Developer";
				DEVELOPMENT_TEAM = 9JU5BHUYWU;
				FRAMEWORK_SEARCH_PATHS = (
					"$(inherited)",
					"$(PROJECT_DIR)/Carthage/Build/iOS",
				);
				GCC_GENERATE_TEST_COVERAGE_FILES = YES;
				INFOPLIST_FILE = Hook/Info.plist;
				IPHONEOS_DEPLOYMENT_TARGET = 8.4;
				LD_RUNPATH_SEARCH_PATHS = "$(inherited) @executable_path/Frameworks";
				PRODUCT_BUNDLE_IDENTIFIER = com.jqhook;
				PRODUCT_NAME = "$(TARGET_NAME)";
				SWIFT_VERSION = 3.0;
				TARGETED_DEVICE_FAMILY = "1,2";
			};
			name = Debug;
		};
		E6F0C0EE1E417ECE00C3B990 /* Release */ = {
			isa = XCBuildConfiguration;
			buildSettings = {
				ASSETCATALOG_COMPILER_APPICON_NAME = AppIcon;
				CODE_SIGN_IDENTITY = "iPhone Developer: aon_natjaya@hotmail.com (J9E4P2HSF2)";
				"CODE_SIGN_IDENTITY[sdk=iphoneos*]" = "iPhone Developer";
				DEVELOPMENT_TEAM = 9JU5BHUYWU;
				FRAMEWORK_SEARCH_PATHS = (
					"$(inherited)",
					"$(PROJECT_DIR)/Carthage/Build/iOS",
				);
				GCC_GENERATE_TEST_COVERAGE_FILES = YES;
				INFOPLIST_FILE = Hook/Info.plist;
				IPHONEOS_DEPLOYMENT_TARGET = 8.4;
				LD_RUNPATH_SEARCH_PATHS = "$(inherited) @executable_path/Frameworks";
				PRODUCT_BUNDLE_IDENTIFIER = com.jqhook;
				PRODUCT_NAME = "$(TARGET_NAME)";
				SWIFT_VERSION = 3.0;
				TARGETED_DEVICE_FAMILY = "1,2";
			};
			name = Release;
		};
/* End XCBuildConfiguration section */

/* Begin XCConfigurationList section */
		E602B1AE1E7E93B100F084BC /* Build configuration list for PBXNativeTarget "HookTests" */ = {
			isa = XCConfigurationList;
			buildConfigurations = (
				E602B1AC1E7E93B100F084BC /* Debug */,
				E602B1AD1E7E93B100F084BC /* Release */,
			);
			defaultConfigurationIsVisible = 0;
			defaultConfigurationName = Release;
		};
		E6F0C0D51E417ECE00C3B990 /* Build configuration list for PBXProject "Hook" */ = {
			isa = XCConfigurationList;
			buildConfigurations = (
				E6F0C0EA1E417ECE00C3B990 /* Debug */,
				E6F0C0EB1E417ECE00C3B990 /* Release */,
			);
			defaultConfigurationIsVisible = 0;
			defaultConfigurationName = Release;
		};
		E6F0C0EC1E417ECE00C3B990 /* Build configuration list for PBXNativeTarget "Hook" */ = {
			isa = XCConfigurationList;
			buildConfigurations = (
				E6F0C0ED1E417ECE00C3B990 /* Debug */,
				E6F0C0EE1E417ECE00C3B990 /* Release */,
			);
			defaultConfigurationIsVisible = 0;
			defaultConfigurationName = Release;
		};
/* End XCConfigurationList section */
	};
	rootObject = E6F0C0D21E417ECE00C3B990 /* Project object */;
}
